
Microsoft Visual Studio Solution File, Format Version 12.00
# Visual Studio Version 17
VisualStudioVersion = 17.14.36518.9 d17.14
MinimumVisualStudioVersion = 10.0.40219.1
Project("{FAE04EC0-301F-11D3-BF4B-00C04F79EFBC}") = "Vetify", "Vetify\Vetify.csproj", "{242B2CC6-DEB5-4A6A-8B3E-B0E446953F58}"
EndProject
Project("{FAE04EC0-301F-11D3-BF4B-00C04F79EFBC}") = "DAL", "DAL\DAL.csproj", "{E0EE53A1-D49F-4447-A8AA-4C15654C6A02}"
EndProject
Project("{FAE04EC0-301F-11D3-BF4B-00C04F79EFBC}") = "BL", "BL\BL.csproj", "{3A902337-B49D-4C82-B3EA-9F2D0107119E}"
EndProject
Project("{FAE04EC0-301F-11D3-BF4B-00C04F79EFBC}") = "EL", "EL\EL.csproj", "{AC3A0559-E04D-4C0E-BA56-525AD6C22232}"
EndProject
Global
	GlobalSection(SolutionConfigurationPlatforms) = preSolution
		Debug|Any CPU = Debug|Any CPU
		Release|Any CPU = Release|Any CPU
	EndGlobalSection
	GlobalSection(ProjectConfigurationPlatforms) = postSolution
		{242B2CC6-DEB5-4A6A-8B3E-B0E446953F58}.Debug|Any CPU.ActiveCfg = Debug|Any CPU
		{242B2CC6-DEB5-4A6A-8B3E-B0E446953F58}.Debug|Any CPU.Build.0 = Debug|Any CPU
		{242B2CC6-DEB5-4A6A-8B3E-B0E446953F58}.Release|Any CPU.ActiveCfg = Release|Any CPU
		{242B2CC6-DEB5-4A6A-8B3E-B0E446953F58}.Release|Any CPU.Build.0 = Release|Any CPU
		{E0EE53A1-D49F-4447-A8AA-4C15654C6A02}.Debug|Any CPU.ActiveCfg = Debug|Any CPU
		{E0EE53A1-D49F-4447-A8AA-4C15654C6A02}.Debug|Any CPU.Build.0 = Debug|Any CPU
		{E0EE53A1-D49F-4447-A8AA-4C15654C6A02}.Release|Any CPU.ActiveCfg = Release|Any CPU
		{E0EE53A1-D49F-4447-A8AA-4C15654C6A02}.Release|Any CPU.Build.0 = Release|Any CPU
		{3A902337-B49D-4C82-B3EA-9F2D0107119E}.Debug|Any CPU.ActiveCfg = Debug|Any CPU
		{3A902337-B49D-4C82-B3EA-9F2D0107119E}.Debug|Any CPU.Build.0 = Debug|Any CPU
		{3A902337-B49D-4C82-B3EA-9F2D0107119E}.Release|Any CPU.ActiveCfg = Release|Any CPU
		{3A902337-B49D-4C82-B3EA-9F2D0107119E}.Release|Any CPU.Build.0 = Release|Any CPU
		{AC3A0559-E04D-4C0E-BA56-525AD6C22232}.Debug|Any CPU.ActiveCfg = Debug|Any CPU
		{AC3A0559-E04D-4C0E-BA56-525AD6C22232}.Debug|Any CPU.Build.0 = Debug|Any CPU
		{AC3A0559-E04D-4C0E-BA56-525AD6C22232}.Release|Any CPU.ActiveCfg = Release|Any CPU
		{AC3A0559-E04D-4C0E-BA56-525AD6C22232}.Release|Any CPU.Build.0 = Release|Any CPU
	EndGlobalSection
	GlobalSection(SolutionProperties) = preSolution
		HideSolutionNode = FALSE
	EndGlobalSection
	GlobalSection(ExtensibilityGlobals) = postSolution
		SolutionGuid = {CEEB7D0F-8582-4EC9-9106-84B29C4957B9}
	EndGlobalSection
EndGlobal
